
Microsoft Visual Studio Solution File, Format Version 12.00
# Visual Studio Version 17
VisualStudioVersion = 17.10.35122.118
MinimumVisualStudioVersion = 10.0.40219.1
Project("{9A19103F-16F7-4668-BE54-9A1E7A4F7556}") = "CookingTimerHelper", "CookingTimerHelper\CookingTimerHelper.csproj", "{B0D1C14B-588B-4286-A4A4-9995A390278F}"
EndProject
Project("{9A19103F-16F7-4668-BE54-9A1E7A4F7556}") = "CookingTimerHelper.Dal", "CookingTimerHelper.Dal\CookingTimerHelper.Dal.csproj", "{6759D746-8A7B-42C8-986B-D72C78CF254A}"
EndProject
Project("{9A19103F-16F7-4668-BE54-9A1E7A4F7556}") = "CookingTimerHelper.UI.Blazor", "CookingTimerHelper.UI.Blazor\CookingTimerHelper.UI.Blazor.csproj", "{D81E8CA8-BB7D-41CB-8F6D-55CE40BA8695}"
EndProject
Global
	GlobalSection(SolutionConfigurationPlatforms) = preSolution
		Debug|Any CPU = Debug|Any CPU
		Release|Any CPU = Release|Any CPU
	EndGlobalSection
	GlobalSection(ProjectConfigurationPlatforms) = postSolution
		{B0D1C14B-588B-4286-A4A4-9995A390278F}.Debug|Any CPU.ActiveCfg = Debug|Any CPU
		{B0D1C14B-588B-4286-A4A4-9995A390278F}.Debug|Any CPU.Build.0 = Debug|Any CPU
		{B0D1C14B-588B-4286-A4A4-9995A390278F}.Release|Any CPU.ActiveCfg = Release|Any CPU
		{B0D1C14B-588B-4286-A4A4-9995A390278F}.Release|Any CPU.Build.0 = Release|Any CPU
		{6759D746-8A7B-42C8-986B-D72C78CF254A}.Debug|Any CPU.ActiveCfg = Debug|Any CPU
		{6759D746-8A7B-42C8-986B-D72C78CF254A}.Debug|Any CPU.Build.0 = Debug|Any CPU
		{6759D746-8A7B-42C8-986B-D72C78CF254A}.Release|Any CPU.ActiveCfg = Release|Any CPU
		{6759D746-8A7B-42C8-986B-D72C78CF254A}.Release|Any CPU.Build.0 = Release|Any CPU
		{D81E8CA8-BB7D-41CB-8F6D-55CE40BA8695}.Debug|Any CPU.ActiveCfg = Debug|Any CPU
		{D81E8CA8-BB7D-41CB-8F6D-55CE40BA8695}.Debug|Any CPU.Build.0 = Debug|Any CPU
		{D81E8CA8-BB7D-41CB-8F6D-55CE40BA8695}.Release|Any CPU.ActiveCfg = Release|Any CPU
		{D81E8CA8-BB7D-41CB-8F6D-55CE40BA8695}.Release|Any CPU.Build.0 = Release|Any CPU
	EndGlobalSection
	GlobalSection(SolutionProperties) = preSolution
		HideSolutionNode = FALSE
	EndGlobalSection
	GlobalSection(ExtensibilityGlobals) = postSolution
		SolutionGuid = {736CD7CF-5A2F-47C0-8085-994A5A9C571B}
	EndGlobalSection
EndGlobal
