
Microsoft Visual Studio Solution File, Format Version 12.00
# Visual Studio Version 17
VisualStudioVersion = 17.12.35527.113
MinimumVisualStudioVersion = 10.0.40219.1
Project("{FAE04EC0-301F-11D3-BF4B-00C04F79EFBC}") = "CookFoodTimer", "CookFoodTimer\CookFoodTimer.csproj", "{AE40B6C3-338E-42A6-BF19-B996211606B4}"
EndProject
Project("{2150E333-8FDC-42A3-9474-1A3956D46DE8}") = "Solution Items", "Solution Items", "{1587804D-2773-4073-9494-6E167A6E6711}"
	ProjectSection(SolutionItems) = preProject
		.gitignore = .gitignore
		Directory.Build.props = Directory.Build.props
		Directory.Build.targets = Directory.Build.targets
		Directory.Packages.props = Directory.Packages.props
		global.json = global.json
	EndProjectSection
EndProject
Project("{FAE04EC0-301F-11D3-BF4B-00C04F79EFBC}") = "CookFoodTimer.Biz", "CookFoodTimer.Biz\CookFoodTimer.Biz.csproj", "{2AD6B17D-2FC5-48B8-83CB-30E83B783562}"
EndProject
Project("{FAE04EC0-301F-11D3-BF4B-00C04F79EFBC}") = "CookFoodTimer.Dal", "CookFoodTimer.Dal\CookFoodTimer.Dal.csproj", "{FABE03D6-11D0-471F-87E7-1A0B7D8439C5}"
EndProject
Global
	GlobalSection(SolutionConfigurationPlatforms) = preSolution
		Debug|Any CPU = Debug|Any CPU
		Release|Any CPU = Release|Any CPU
	EndGlobalSection
	GlobalSection(ProjectConfigurationPlatforms) = postSolution
		{AE40B6C3-338E-42A6-BF19-B996211606B4}.Debug|Any CPU.ActiveCfg = Debug|Any CPU
		{AE40B6C3-338E-42A6-BF19-B996211606B4}.Debug|Any CPU.Build.0 = Debug|Any CPU
		{AE40B6C3-338E-42A6-BF19-B996211606B4}.Debug|Any CPU.Deploy.0 = Debug|Any CPU
		{AE40B6C3-338E-42A6-BF19-B996211606B4}.Release|Any CPU.ActiveCfg = Release|Any CPU
		{AE40B6C3-338E-42A6-BF19-B996211606B4}.Release|Any CPU.Build.0 = Release|Any CPU
		{AE40B6C3-338E-42A6-BF19-B996211606B4}.Release|Any CPU.Deploy.0 = Release|Any CPU
		{2AD6B17D-2FC5-48B8-83CB-30E83B783562}.Debug|Any CPU.ActiveCfg = Debug|Any CPU
		{2AD6B17D-2FC5-48B8-83CB-30E83B783562}.Debug|Any CPU.Build.0 = Debug|Any CPU
		{2AD6B17D-2FC5-48B8-83CB-30E83B783562}.Release|Any CPU.ActiveCfg = Release|Any CPU
		{2AD6B17D-2FC5-48B8-83CB-30E83B783562}.Release|Any CPU.Build.0 = Release|Any CPU
		{FABE03D6-11D0-471F-87E7-1A0B7D8439C5}.Debug|Any CPU.ActiveCfg = Debug|Any CPU
		{FABE03D6-11D0-471F-87E7-1A0B7D8439C5}.Debug|Any CPU.Build.0 = Debug|Any CPU
		{FABE03D6-11D0-471F-87E7-1A0B7D8439C5}.Release|Any CPU.ActiveCfg = Release|Any CPU
		{FABE03D6-11D0-471F-87E7-1A0B7D8439C5}.Release|Any CPU.Build.0 = Release|Any CPU
	EndGlobalSection
	GlobalSection(SolutionProperties) = preSolution
		HideSolutionNode = FALSE
	EndGlobalSection
EndGlobal
